
Microsoft Visual Studio Solution File, Format Version 12.00
# Visual Studio 15
VisualStudioVersion = 15.0.28307.271
MinimumVisualStudioVersion = 10.0.40219.1
Project("{9A19103F-16F7-4668-BE54-9A1E7A4F7556}") = "GasMeter", "GasMeter\GasMeter.csproj", "{992ACE9B-AF1E-4A18-9D44-14DBFE5E5817}"
EndProject
Project("{FAE04EC0-301F-11D3-BF4B-00C04F79EFBC}") = "GasMeterTests", "GasMeterTests\GasMeterTests.csproj", "{140448E0-1767-48AC-8007-7377C472A962}"
EndProject
Global
	GlobalSection(SolutionConfigurationPlatforms) = preSolution
		Debug|Any CPU = Debug|Any CPU
		Release|Any CPU = Release|Any CPU
	EndGlobalSection
	GlobalSection(ProjectConfigurationPlatforms) = postSolution
		{992ACE9B-AF1E-4A18-9D44-14DBFE5E5817}.Debug|Any CPU.ActiveCfg = Debug|Any CPU
		{992ACE9B-AF1E-4A18-9D44-14DBFE5E5817}.Debug|Any CPU.Build.0 = Debug|Any CPU
		{992ACE9B-AF1E-4A18-9D44-14DBFE5E5817}.Release|Any CPU.ActiveCfg = Release|Any CPU
		{992ACE9B-AF1E-4A18-9D44-14DBFE5E5817}.Release|Any CPU.Build.0 = Release|Any CPU
		{140448E0-1767-48AC-8007-7377C472A962}.Debug|Any CPU.ActiveCfg = Debug|Any CPU
		{140448E0-1767-48AC-8007-7377C472A962}.Debug|Any CPU.Build.0 = Debug|Any CPU
		{140448E0-1767-48AC-8007-7377C472A962}.Release|Any CPU.ActiveCfg = Release|Any CPU
		{140448E0-1767-48AC-8007-7377C472A962}.Release|Any CPU.Build.0 = Release|Any CPU
	EndGlobalSection
	GlobalSection(SolutionProperties) = preSolution
		HideSolutionNode = FALSE
	EndGlobalSection
	GlobalSection(ExtensibilityGlobals) = postSolution
		SolutionGuid = {CE974CD7-ADCD-4847-B507-EA1B2567098E}
	EndGlobalSection
EndGlobal
